
Microsoft Visual Studio Solution File, Format Version 12.00
# Visual Studio 15
VisualStudioVersion = 15.0.28307.421
MinimumVisualStudioVersion = 10.0.40219.1
Project("{FAE04EC0-301F-11D3-BF4B-00C04F79EFBC}") = "PokeU", "PokeU\PokeU.csproj", "{5A3F93B6-47C3-4269-99AF-87F2C845940B}"
EndProject
Global
	GlobalSection(SolutionConfigurationPlatforms) = preSolution
		Debug|Any CPU = Debug|Any CPU
		Release|Any CPU = Release|Any CPU
	EndGlobalSection
	GlobalSection(ProjectConfigurationPlatforms) = postSolution
		{5A3F93B6-47C3-4269-99AF-87F2C845940B}.Debug|Any CPU.ActiveCfg = Debug|Any CPU
		{5A3F93B6-47C3-4269-99AF-87F2C845940B}.Debug|Any CPU.Build.0 = Debug|Any CPU
		{5A3F93B6-47C3-4269-99AF-87F2C845940B}.Release|Any CPU.ActiveCfg = Release|Any CPU
		{5A3F93B6-47C3-4269-99AF-87F2C845940B}.Release|Any CPU.Build.0 = Release|Any CPU
	EndGlobalSection
	GlobalSection(SolutionProperties) = preSolution
		HideSolutionNode = FALSE
	EndGlobalSection
	GlobalSection(ExtensibilityGlobals) = postSolution
		SolutionGuid = {A70BA47F-E2F9-463B-B047-DEACC6A3BD3C}
	EndGlobalSection
EndGlobal
